
Microsoft Visual Studio Solution File, Format Version 12.00
# Visual Studio 15
VisualStudioVersion = 15.0.26711.1
MinimumVisualStudioVersion = 10.0.40219.1
Project("{778DAE3C-4631-46EA-AA77-85C1314464D9}") = "Illarion.Net", "Illarion.Net\Illarion.Net.vbproj", "{F18179F4-4A0A-421E-AC52-C7E0AC8CBC88}"
EndProject
Project("{2150E333-8FDC-42A3-9474-1A3956D46DE8}") = "Networking", "Networking", "{D62EAB61-A984-4972-A063-A8F611DB6DF8}"
EndProject
Project("{778DAE3C-4631-46EA-AA77-85C1314464D9}") = "Illarion.Net.BBIWI", "Illarion.Net.BBIWI\Illarion.Net.BBIWI.vbproj", "{52C8C3DD-F80A-4462-A0C1-92743FD7B862}"
EndProject
Project("{778DAE3C-4631-46EA-AA77-85C1314464D9}") = "Illarion.Core.Types", "Illarion.Core.Types\Illarion.Core.Types.vbproj", "{980B5066-C5C7-4D1D-A309-ACE920F9628F}"
EndProject
Project("{2150E333-8FDC-42A3-9474-1A3956D46DE8}") = "Apps", "Apps", "{03454990-B370-4526-96F6-C6F7ECC52F92}"
EndProject
Project("{F184B08F-C81C-45F6-A57F-5ABD9991F28F}") = "Illarion.BBIWI.WPF", "Illarion.BBIWI.WPF\Illarion.BBIWI.WPF.vbproj", "{7D87E5BB-6A5A-4CDA-BEC2-E24710EB7D7C}"
EndProject
Project("{F184B08F-C81C-45F6-A57F-5ABD9991F28F}") = "Illarion.Net.Test", "Illarion.Net.Test\Illarion.Net.Test.vbproj", "{E7A0A5CA-399E-4831-BF1C-30897A9760BE}"
EndProject
Global
	GlobalSection(SolutionConfigurationPlatforms) = preSolution
		Debug|Any CPU = Debug|Any CPU
		Release|Any CPU = Release|Any CPU
	EndGlobalSection
	GlobalSection(ProjectConfigurationPlatforms) = postSolution
		{F18179F4-4A0A-421E-AC52-C7E0AC8CBC88}.Debug|Any CPU.ActiveCfg = Debug|Any CPU
		{F18179F4-4A0A-421E-AC52-C7E0AC8CBC88}.Debug|Any CPU.Build.0 = Debug|Any CPU
		{F18179F4-4A0A-421E-AC52-C7E0AC8CBC88}.Release|Any CPU.ActiveCfg = Release|Any CPU
		{F18179F4-4A0A-421E-AC52-C7E0AC8CBC88}.Release|Any CPU.Build.0 = Release|Any CPU
		{52C8C3DD-F80A-4462-A0C1-92743FD7B862}.Debug|Any CPU.ActiveCfg = Debug|Any CPU
		{52C8C3DD-F80A-4462-A0C1-92743FD7B862}.Debug|Any CPU.Build.0 = Debug|Any CPU
		{52C8C3DD-F80A-4462-A0C1-92743FD7B862}.Release|Any CPU.ActiveCfg = Release|Any CPU
		{52C8C3DD-F80A-4462-A0C1-92743FD7B862}.Release|Any CPU.Build.0 = Release|Any CPU
		{980B5066-C5C7-4D1D-A309-ACE920F9628F}.Debug|Any CPU.ActiveCfg = Debug|Any CPU
		{980B5066-C5C7-4D1D-A309-ACE920F9628F}.Debug|Any CPU.Build.0 = Debug|Any CPU
		{980B5066-C5C7-4D1D-A309-ACE920F9628F}.Release|Any CPU.ActiveCfg = Release|Any CPU
		{980B5066-C5C7-4D1D-A309-ACE920F9628F}.Release|Any CPU.Build.0 = Release|Any CPU
		{7D87E5BB-6A5A-4CDA-BEC2-E24710EB7D7C}.Debug|Any CPU.ActiveCfg = Debug|Any CPU
		{7D87E5BB-6A5A-4CDA-BEC2-E24710EB7D7C}.Debug|Any CPU.Build.0 = Debug|Any CPU
		{7D87E5BB-6A5A-4CDA-BEC2-E24710EB7D7C}.Release|Any CPU.ActiveCfg = Release|Any CPU
		{7D87E5BB-6A5A-4CDA-BEC2-E24710EB7D7C}.Release|Any CPU.Build.0 = Release|Any CPU
		{E7A0A5CA-399E-4831-BF1C-30897A9760BE}.Debug|Any CPU.ActiveCfg = Debug|Any CPU
		{E7A0A5CA-399E-4831-BF1C-30897A9760BE}.Debug|Any CPU.Build.0 = Debug|Any CPU
		{E7A0A5CA-399E-4831-BF1C-30897A9760BE}.Release|Any CPU.ActiveCfg = Release|Any CPU
		{E7A0A5CA-399E-4831-BF1C-30897A9760BE}.Release|Any CPU.Build.0 = Release|Any CPU
	EndGlobalSection
	GlobalSection(SolutionProperties) = preSolution
		HideSolutionNode = FALSE
	EndGlobalSection
	GlobalSection(NestedProjects) = preSolution
		{F18179F4-4A0A-421E-AC52-C7E0AC8CBC88} = {D62EAB61-A984-4972-A063-A8F611DB6DF8}
		{52C8C3DD-F80A-4462-A0C1-92743FD7B862} = {D62EAB61-A984-4972-A063-A8F611DB6DF8}
		{7D87E5BB-6A5A-4CDA-BEC2-E24710EB7D7C} = {03454990-B370-4526-96F6-C6F7ECC52F92}
		{E7A0A5CA-399E-4831-BF1C-30897A9760BE} = {D62EAB61-A984-4972-A063-A8F611DB6DF8}
	EndGlobalSection
	GlobalSection(ExtensibilityGlobals) = postSolution
		SolutionGuid = {A4070E30-5B42-4C12-82EE-39EFB64A2876}
	EndGlobalSection
EndGlobal
